using System;
using System.Collections.Generic;
using System.Linq;

namespace AddingStringInList
{
    public class Task
    {
        public static void Main()
        {
            CompareStrings();
        }
        
        public static void AddingNewName()
         
        {
            var names = new List<string> { "Artem", "Sasha", "Masha" };
            names.Add("Andrey");
            foreach (var name in names)
            {
                Console.WriteLine($"hello { name.ToUpper()}");
            }
            var index = names.IndexOf("Andrey");
            if (index != -1)
                Console.WriteLine($"The name {names[index]} is at index {index}");

            var notFound = names.IndexOf("Not Found");
            Console.WriteLine($"When an item is not found, IndexOf returns {notFound}");
        }
        public static void ComparingLists()
        {
            IList<string> myList1 = new List<string> { "a", "b", "c" };
            IList<string> myList2 = new List<string> { "a", "b", "c" };
            if (myList1.SequenceEqual(myList2))
            {
                Console.WriteLine($"First list {myList1} is equale to second {myList2}");
            }
            else
            {
                Console.WriteLine($"First list {myList1} is NOT equale to second {myList2}");
            }
        }

        public static void CompareAandB()
        {
            int a = 10;
            int b = 5;
            if (a > b)
            {
                Console.WriteLine($"True");
            }
            else
            {
                Console.WriteLine($"False");
            }
        }
                public static void CompareStrings()
        {
                string first = "abc";
                string second = "abc";
                bool areEqual = string.Equals(first, second);
                Console.WriteLine(areEqual);
        
        }
    }


    }